// !$*UTF8*$!
{
	archiveVersion = 1;
	classes = {
	};
	objectVersion = 48;
	objects = {

/* Begin PBXBuildFile section */
		54124F63202CE4B200E77E3B /* AppDelegate.swift in Sources */ = {isa = PBXBuildFile; fileRef = 54124F62202CE4B200E77E3B /* AppDelegate.swift */; };
		54124F6A202CE4B200E77E3B /* Assets.xcassets in Resources */ = {isa = PBXBuildFile; fileRef = 54124F69202CE4B200E77E3B /* Assets.xcassets */; };
		54124F6D202CE4B200E77E3B /* LaunchScreen.storyboard in Resources */ = {isa = PBXBuildFile; fileRef = 54124F6B202CE4B200E77E3B /* LaunchScreen.storyboard */; };
		54124F83202CF01C00E77E3B /* HouseTests.swift in Sources */ = {isa = PBXBuildFile; fileRef = 54124F82202CF01C00E77E3B /* HouseTests.swift */; };
		54124F85202CF1C600E77E3B /* House.swift in Sources */ = {isa = PBXBuildFile; fileRef = 54124F84202CF1C600E77E3B /* House.swift */; };
		54124F88202CFDB100E77E3B /* PersonTests.swift in Sources */ = {isa = PBXBuildFile; fileRef = 54124F87202CFDB100E77E3B /* PersonTests.swift */; };
		54124F8A202CFE0600E77E3B /* Person.swift in Sources */ = {isa = PBXBuildFile; fileRef = 54124F89202CFE0600E77E3B /* Person.swift */; };
		54124F8E203238F300E77E3B /* codeIsComing.png in Resources */ = {isa = PBXBuildFile; fileRef = 54124F8B203238F200E77E3B /* codeIsComing.png */; };
		54124F8F203238F300E77E3B /* lannister.jpg in Resources */ = {isa = PBXBuildFile; fileRef = 54124F8C203238F200E77E3B /* lannister.jpg */; };
		54124F90203238F300E77E3B /* targaryenSmall.jpg in Resources */ = {isa = PBXBuildFile; fileRef = 54124F8D203238F300E77E3B /* targaryenSmall.jpg */; };
		54124F9420323A8900E77E3B /* HouseDetailViewController.swift in Sources */ = {isa = PBXBuildFile; fileRef = 54124F9220323A8900E77E3B /* HouseDetailViewController.swift */; };
		54124F9520323A8900E77E3B /* HouseDetailViewController.xib in Resources */ = {isa = PBXBuildFile; fileRef = 54124F9320323A8900E77E3B /* HouseDetailViewController.xib */; };
		54427056203A076900DDDFC6 /* MemberListViewController.swift in Sources */ = {isa = PBXBuildFile; fileRef = 54427054203A076900DDDFC6 /* MemberListViewController.swift */; };
		54427057203A076900DDDFC6 /* MemberListViewController.xib in Resources */ = {isa = PBXBuildFile; fileRef = 54427055203A076900DDDFC6 /* MemberListViewController.xib */; };
		546A7EEE20337C9300C257F3 /* UIViewController+Additions.swift in Sources */ = {isa = PBXBuildFile; fileRef = 546A7EED20337C9300C257F3 /* UIViewController+Additions.swift */; };
		546A7EF02033808E00C257F3 /* RepositoryTests.swift in Sources */ = {isa = PBXBuildFile; fileRef = 546A7EEF2033808E00C257F3 /* RepositoryTests.swift */; };
		546A7EF22033817F00C257F3 /* Repository.swift in Sources */ = {isa = PBXBuildFile; fileRef = 546A7EF12033817F00C257F3 /* Repository.swift */; };
		546A7EF520362B8F00C257F3 /* WikiViewController.swift in Sources */ = {isa = PBXBuildFile; fileRef = 546A7EF320362B8F00C257F3 /* WikiViewController.swift */; };
		546A7EF620362B8F00C257F3 /* WikiViewController.xib in Resources */ = {isa = PBXBuildFile; fileRef = 546A7EF420362B8F00C257F3 /* WikiViewController.xib */; };
		546A7EFD2036451600C257F3 /* HouseListViewController.swift in Sources */ = {isa = PBXBuildFile; fileRef = 546A7EFB2036451600C257F3 /* HouseListViewController.swift */; };
		546A7EFE2036451600C257F3 /* HouseListViewController.xib in Resources */ = {isa = PBXBuildFile; fileRef = 546A7EFC2036451600C257F3 /* HouseListViewController.xib */; };
/* End PBXBuildFile section */

/* Begin PBXContainerItemProxy section */
		54124F74202CE4B200E77E3B /* PBXContainerItemProxy */ = {
			isa = PBXContainerItemProxy;
			containerPortal = 54124F57202CE4B200E77E3B /* Project object */;
			proxyType = 1;
			remoteGlobalIDString = 54124F5E202CE4B200E77E3B;
			remoteInfo = Westeros;
		};
/* End PBXContainerItemProxy section */

/* Begin PBXFileReference section */
		54124F5F202CE4B200E77E3B /* Westeros.app */ = {isa = PBXFileReference; explicitFileType = wrapper.application; includeInIndex = 0; path = Westeros.app; sourceTree = BUILT_PRODUCTS_DIR; };
		54124F62202CE4B200E77E3B /* AppDelegate.swift */ = {isa = PBXFileReference; lastKnownFileType = sourcecode.swift; path = AppDelegate.swift; sourceTree = "<group>"; };
		54124F69202CE4B200E77E3B /* Assets.xcassets */ = {isa = PBXFileReference; lastKnownFileType = folder.assetcatalog; path = Assets.xcassets; sourceTree = "<group>"; };
		54124F6C202CE4B200E77E3B /* Base */ = {isa = PBXFileReference; lastKnownFileType = file.storyboard; name = Base; path = Base.lproj/LaunchScreen.storyboard; sourceTree = "<group>"; };
		54124F6E202CE4B200E77E3B /* Info.plist */ = {isa = PBXFileReference; lastKnownFileType = text.plist.xml; path = Info.plist; sourceTree = "<group>"; };
		54124F73202CE4B200E77E3B /* WesterosTests.xctest */ = {isa = PBXFileReference; explicitFileType = wrapper.cfbundle; includeInIndex = 0; path = WesterosTests.xctest; sourceTree = BUILT_PRODUCTS_DIR; };
		54124F79202CE4B200E77E3B /* Info.plist */ = {isa = PBXFileReference; lastKnownFileType = text.plist.xml; path = Info.plist; sourceTree = "<group>"; };
		54124F82202CF01C00E77E3B /* HouseTests.swift */ = {isa = PBXFileReference; lastKnownFileType = sourcecode.swift; path = HouseTests.swift; sourceTree = "<group>"; };
		54124F84202CF1C600E77E3B /* House.swift */ = {isa = PBXFileReference; lastKnownFileType = sourcecode.swift; path = House.swift; sourceTree = "<group>"; };
		54124F87202CFDB100E77E3B /* PersonTests.swift */ = {isa = PBXFileReference; lastKnownFileType = sourcecode.swift; path = PersonTests.swift; sourceTree = "<group>"; };
		54124F89202CFE0600E77E3B /* Person.swift */ = {isa = PBXFileReference; lastKnownFileType = sourcecode.swift; path = Person.swift; sourceTree = "<group>"; };
		54124F8B203238F200E77E3B /* codeIsComing.png */ = {isa = PBXFileReference; lastKnownFileType = image.png; path = codeIsComing.png; sourceTree = "<group>"; };
		54124F8C203238F200E77E3B /* lannister.jpg */ = {isa = PBXFileReference; lastKnownFileType = image.jpeg; path = lannister.jpg; sourceTree = "<group>"; };
		54124F8D203238F300E77E3B /* targaryenSmall.jpg */ = {isa = PBXFileReference; lastKnownFileType = image.jpeg; path = targaryenSmall.jpg; sourceTree = "<group>"; };
		54124F9220323A8900E77E3B /* HouseDetailViewController.swift */ = {isa = PBXFileReference; lastKnownFileType = sourcecode.swift; path = HouseDetailViewController.swift; sourceTree = "<group>"; };
		54124F9320323A8900E77E3B /* HouseDetailViewController.xib */ = {isa = PBXFileReference; lastKnownFileType = file.xib; path = HouseDetailViewController.xib; sourceTree = "<group>"; };
		54427054203A076900DDDFC6 /* MemberListViewController.swift */ = {isa = PBXFileReference; lastKnownFileType = sourcecode.swift; path = MemberListViewController.swift; sourceTree = "<group>"; };
		54427055203A076900DDDFC6 /* MemberListViewController.xib */ = {isa = PBXFileReference; lastKnownFileType = file.xib; path = MemberListViewController.xib; sourceTree = "<group>"; };
		546A7EED20337C9300C257F3 /* UIViewController+Additions.swift */ = {isa = PBXFileReference; lastKnownFileType = sourcecode.swift; path = "UIViewController+Additions.swift"; sourceTree = "<group>"; };
		546A7EEF2033808E00C257F3 /* RepositoryTests.swift */ = {isa = PBXFileReference; lastKnownFileType = sourcecode.swift; path = RepositoryTests.swift; sourceTree = "<group>"; };
		546A7EF12033817F00C257F3 /* Repository.swift */ = {isa = PBXFileReference; lastKnownFileType = sourcecode.swift; path = Repository.swift; sourceTree = "<group>"; };
		546A7EF320362B8F00C257F3 /* WikiViewController.swift */ = {isa = PBXFileReference; lastKnownFileType = sourcecode.swift; path = WikiViewController.swift; sourceTree = "<group>"; };
		546A7EF420362B8F00C257F3 /* WikiViewController.xib */ = {isa = PBXFileReference; lastKnownFileType = file.xib; path = WikiViewController.xib; sourceTree = "<group>"; };
		546A7EFB2036451600C257F3 /* HouseListViewController.swift */ = {isa = PBXFileReference; lastKnownFileType = sourcecode.swift; path = HouseListViewController.swift; sourceTree = "<group>"; };
		546A7EFC2036451600C257F3 /* HouseListViewController.xib */ = {isa = PBXFileReference; lastKnownFileType = file.xib; path = HouseListViewController.xib; sourceTree = "<group>"; };
/* End PBXFileReference section */

/* Begin PBXFrameworksBuildPhase section */
		54124F5C202CE4B200E77E3B /* Frameworks */ = {
			isa = PBXFrameworksBuildPhase;
			buildActionMask = 2147483647;
			files = (
			);
			runOnlyForDeploymentPostprocessing = 0;
		};
		54124F70202CE4B200E77E3B /* Frameworks */ = {
			isa = PBXFrameworksBuildPhase;
			buildActionMask = 2147483647;
			files = (
			);
			runOnlyForDeploymentPostprocessing = 0;
		};
/* End PBXFrameworksBuildPhase section */

/* Begin PBXGroup section */
		54124F56202CE4B200E77E3B = {
			isa = PBXGroup;
			children = (
				54124F61202CE4B200E77E3B /* Westeros */,
				54124F76202CE4B200E77E3B /* WesterosTests */,
				54124F60202CE4B200E77E3B /* Products */,
			);
			sourceTree = "<group>";
		};
		54124F60202CE4B200E77E3B /* Products */ = {
			isa = PBXGroup;
			children = (
				54124F5F202CE4B200E77E3B /* Westeros.app */,
				54124F73202CE4B200E77E3B /* WesterosTests.xctest */,
			);
			name = Products;
			sourceTree = "<group>";
		};
		54124F61202CE4B200E77E3B /* Westeros */ = {
			isa = PBXGroup;
			children = (
				546A7EEC20337C1F00C257F3 /* UIkit extensions */,
				54124F86202CF83800E77E3B /* Models */,
				54124F9620323AAE00E77E3B /* Controllers */,
				54124F912032391C00E77E3B /* Assets */,
				54124F62202CE4B200E77E3B /* AppDelegate.swift */,
				54124F69202CE4B200E77E3B /* Assets.xcassets */,
				54124F6B202CE4B200E77E3B /* LaunchScreen.storyboard */,
				54124F6E202CE4B200E77E3B /* Info.plist */,
			);
			path = Westeros;
			sourceTree = "<group>";
		};
		54124F76202CE4B200E77E3B /* WesterosTests */ = {
			isa = PBXGroup;
			children = (
				54124F79202CE4B200E77E3B /* Info.plist */,
				54124F82202CF01C00E77E3B /* HouseTests.swift */,
				54124F87202CFDB100E77E3B /* PersonTests.swift */,
				546A7EEF2033808E00C257F3 /* RepositoryTests.swift */,
			);
			path = WesterosTests;
			sourceTree = "<group>";
		};
		54124F86202CF83800E77E3B /* Models */ = {
			isa = PBXGroup;
			children = (
				54124F84202CF1C600E77E3B /* House.swift */,
				54124F89202CFE0600E77E3B /* Person.swift */,
				546A7EF12033817F00C257F3 /* Repository.swift */,
			);
			path = Models;
			sourceTree = "<group>";
		};
		54124F912032391C00E77E3B /* Assets */ = {
			isa = PBXGroup;
			children = (
				54124F8B203238F200E77E3B /* codeIsComing.png */,
				54124F8C203238F200E77E3B /* lannister.jpg */,
				54124F8D203238F300E77E3B /* targaryenSmall.jpg */,
			);
			path = Assets;
			sourceTree = "<group>";
		};
		54124F9620323AAE00E77E3B /* Controllers */ = {
			isa = PBXGroup;
			children = (
				54124F9220323A8900E77E3B /* HouseDetailViewController.swift */,
				54124F9320323A8900E77E3B /* HouseDetailViewController.xib */,
				546A7EF320362B8F00C257F3 /* WikiViewController.swift */,
				546A7EF420362B8F00C257F3 /* WikiViewController.xib */,
				546A7EFB2036451600C257F3 /* HouseListViewController.swift */,
				546A7EFC2036451600C257F3 /* HouseListViewController.xib */,
				54427054203A076900DDDFC6 /* MemberListViewController.swift */,
				54427055203A076900DDDFC6 /* MemberListViewController.xib */,
			);
			path = Controllers;
			sourceTree = "<group>";
		};
		546A7EEC20337C1F00C257F3 /* UIkit extensions */ = {
			isa = PBXGroup;
			children = (
				546A7EED20337C9300C257F3 /* UIViewController+Additions.swift */,
			);
			path = "UIkit extensions";
			sourceTree = "<group>";
		};
/* End PBXGroup section */

/* Begin PBXNativeTarget section */
		54124F5E202CE4B200E77E3B /* Westeros */ = {
			isa = PBXNativeTarget;
			buildConfigurationList = 54124F7C202CE4B200E77E3B /* Build configuration list for PBXNativeTarget "Westeros" */;
			buildPhases = (
				54124F5B202CE4B200E77E3B /* Sources */,
				54124F5C202CE4B200E77E3B /* Frameworks */,
				54124F5D202CE4B200E77E3B /* Resources */,
			);
			buildRules = (
			);
			dependencies = (
			);
			name = Westeros;
			productName = Westeros;
			productReference = 54124F5F202CE4B200E77E3B /* Westeros.app */;
			productType = "com.apple.product-type.application";
		};
		54124F72202CE4B200E77E3B /* WesterosTests */ = {
			isa = PBXNativeTarget;
			buildConfigurationList = 54124F7F202CE4B200E77E3B /* Build configuration list for PBXNativeTarget "WesterosTests" */;
			buildPhases = (
				54124F6F202CE4B200E77E3B /* Sources */,
				54124F70202CE4B200E77E3B /* Frameworks */,
				54124F71202CE4B200E77E3B /* Resources */,
			);
			buildRules = (
			);
			dependencies = (
				54124F75202CE4B200E77E3B /* PBXTargetDependency */,
			);
			name = WesterosTests;
			productName = WesterosTests;
			productReference = 54124F73202CE4B200E77E3B /* WesterosTests.xctest */;
			productType = "com.apple.product-type.bundle.unit-test";
		};
/* End PBXNativeTarget section */

/* Begin PBXProject section */
		54124F57202CE4B200E77E3B /* Project object */ = {
			isa = PBXProject;
			attributes = {
				LastSwiftUpdateCheck = 0920;
				LastUpgradeCheck = 0920;
				ORGANIZATIONNAME = "Jaime Ventor";
				TargetAttributes = {
					54124F5E202CE4B200E77E3B = {
						CreatedOnToolsVersion = 9.2;
						ProvisioningStyle = Automatic;
					};
					54124F72202CE4B200E77E3B = {
						CreatedOnToolsVersion = 9.2;
						LastSwiftMigration = 0920;
						ProvisioningStyle = Automatic;
						TestTargetID = 54124F5E202CE4B200E77E3B;
					};
				};
			};
			buildConfigurationList = 54124F5A202CE4B200E77E3B /* Build configuration list for PBXProject "Westeros" */;
			compatibilityVersion = "Xcode 8.0";
			developmentRegion = en;
			hasScannedForEncodings = 0;
			knownRegions = (
				en,
				Base,
			);
			mainGroup = 54124F56202CE4B200E77E3B;
			productRefGroup = 54124F60202CE4B200E77E3B /* Products */;
			projectDirPath = "";
			projectRoot = "";
			targets = (
				54124F5E202CE4B200E77E3B /* Westeros */,
				54124F72202CE4B200E77E3B /* WesterosTests */,
			);
		};
/* End PBXProject section */

/* Begin PBXResourcesBuildPhase section */
		54124F5D202CE4B200E77E3B /* Resources */ = {
			isa = PBXResourcesBuildPhase;
			buildActionMask = 2147483647;
			files = (
				54124F8F203238F300E77E3B /* lannister.jpg in Resources */,
				546A7EF620362B8F00C257F3 /* WikiViewController.xib in Resources */,
				54124F90203238F300E77E3B /* targaryenSmall.jpg in Resources */,
				546A7EFE2036451600C257F3 /* HouseListViewController.xib in Resources */,
				54427057203A076900DDDFC6 /* MemberListViewController.xib in Resources */,
				54124F9520323A8900E77E3B /* HouseDetailViewController.xib in Resources */,
				54124F8E203238F300E77E3B /* codeIsComing.png in Resources */,
				54124F6D202CE4B200E77E3B /* LaunchScreen.storyboard in Resources */,
				54124F6A202CE4B200E77E3B /* Assets.xcassets in Resources */,
			);
			runOnlyForDeploymentPostprocessing = 0;
		};
		54124F71202CE4B200E77E3B /* Resources */ = {
			isa = PBXResourcesBuildPhase;
			buildActionMask = 2147483647;
			files = (
			);
			runOnlyForDeploymentPostprocessing = 0;
		};
/* End PBXResourcesBuildPhase section */

/* Begin PBXSourcesBuildPhase section */
		54124F5B202CE4B200E77E3B /* Sources */ = {
			isa = PBXSourcesBuildPhase;
			buildActionMask = 2147483647;
			files = (
				54124F9420323A8900E77E3B /* HouseDetailViewController.swift in Sources */,
				54124F85202CF1C600E77E3B /* House.swift in Sources */,
				54124F63202CE4B200E77E3B /* AppDelegate.swift in Sources */,
				546A7EEE20337C9300C257F3 /* UIViewController+Additions.swift in Sources */,
				54124F8A202CFE0600E77E3B /* Person.swift in Sources */,
				546A7EF22033817F00C257F3 /* Repository.swift in Sources */,
				546A7EF520362B8F00C257F3 /* WikiViewController.swift in Sources */,
				546A7EFD2036451600C257F3 /* HouseListViewController.swift in Sources */,
				54427056203A076900DDDFC6 /* MemberListViewController.swift in Sources */,
			);
			runOnlyForDeploymentPostprocessing = 0;
		};
		54124F6F202CE4B200E77E3B /* Sources */ = {
			isa = PBXSourcesBuildPhase;
			buildActionMask = 2147483647;
			files = (
				54124F83202CF01C00E77E3B /* HouseTests.swift in Sources */,
				54124F88202CFDB100E77E3B /* PersonTests.swift in Sources */,
				546A7EF02033808E00C257F3 /* RepositoryTests.swift in Sources */,
			);
			runOnlyForDeploymentPostprocessing = 0;
		};
/* End PBXSourcesBuildPhase section */

/* Begin PBXTargetDependency section */
		54124F75202CE4B200E77E3B /* PBXTargetDependency */ = {
			isa = PBXTargetDependency;
			target = 54124F5E202CE4B200E77E3B /* Westeros */;
			targetProxy = 54124F74202CE4B200E77E3B /* PBXContainerItemProxy */;
		};
/* End PBXTargetDependency section */

/* Begin PBXVariantGroup section */
		54124F6B202CE4B200E77E3B /* LaunchScreen.storyboard */ = {
			isa = PBXVariantGroup;
			children = (
				54124F6C202CE4B200E77E3B /* Base */,
			);
			name = LaunchScreen.storyboard;
			sourceTree = "<group>";
		};
/* End PBXVariantGroup section */

/* Begin XCBuildConfiguration section */
		54124F7A202CE4B200E77E3B /* Debug */ = {
			isa = XCBuildConfiguration;
			buildSettings = {
				ALWAYS_SEARCH_USER_PATHS = NO;
				CLANG_ANALYZER_NONNULL = YES;
				CLANG_ANALYZER_NUMBER_OBJECT_CONVERSION = YES_AGGRESSIVE;
				CLANG_CXX_LANGUAGE_STANDARD = "gnu++14";
				CLANG_CXX_LIBRARY = "libc++";
				CLANG_ENABLE_MODULES = YES;
				CLANG_ENABLE_OBJC_ARC = YES;
				CLANG_WARN_BLOCK_CAPTURE_AUTORELEASING = YES;
				CLANG_WARN_BOOL_CONVERSION = YES;
				CLANG_WARN_COMMA = YES;
				CLANG_WARN_CONSTANT_CONVERSION = YES;
				CLANG_WARN_DIRECT_OBJC_ISA_USAGE = YES_ERROR;
				CLANG_WARN_DOCUMENTATION_COMMENTS = YES;
				CLANG_WARN_EMPTY_BODY = YES;
				CLANG_WARN_ENUM_CONVERSION = YES;
				CLANG_WARN_INFINITE_RECURSION = YES;
				CLANG_WARN_INT_CONVERSION = YES;
				CLANG_WARN_NON_LITERAL_NULL_CONVERSION = YES;
				CLANG_WARN_OBJC_LITERAL_CONVERSION = YES;
				CLANG_WARN_OBJC_ROOT_CLASS = YES_ERROR;
				CLANG_WARN_RANGE_LOOP_ANALYSIS = YES;
				CLANG_WARN_STRICT_PROTOTYPES = YES;
				CLANG_WARN_SUSPICIOUS_MOVE = YES;
				CLANG_WARN_UNGUARDED_AVAILABILITY = YES_AGGRESSIVE;
				CLANG_WARN_UNREACHABLE_CODE = YES;
				CLANG_WARN__DUPLICATE_METHOD_MATCH = YES;
				CODE_SIGN_IDENTITY = "iPhone Developer";
				COPY_PHASE_STRIP = NO;
				DEBUG_INFORMATION_FORMAT = dwarf;
				ENABLE_STRICT_OBJC_MSGSEND = YES;
				ENABLE_TESTABILITY = YES;
				GCC_C_LANGUAGE_STANDARD = gnu11;
				GCC_DYNAMIC_NO_PIC = NO;
				GCC_NO_COMMON_BLOCKS = YES;
				GCC_OPTIMIZATION_LEVEL = 0;
				GCC_PREPROCESSOR_DEFINITIONS = (
					"DEBUG=1",
					"$(inherited)",
				);
				GCC_WARN_64_TO_32_BIT_CONVERSION = YES;
				GCC_WARN_ABOUT_RETURN_TYPE = YES_ERROR;
				GCC_WARN_UNDECLARED_SELECTOR = YES;
				GCC_WARN_UNINITIALIZED_AUTOS = YES_AGGRESSIVE;
				GCC_WARN_UNUSED_FUNCTION = YES;
				GCC_WARN_UNUSED_VARIABLE = YES;
				IPHONEOS_DEPLOYMENT_TARGET = 11.2;
				MTL_ENABLE_DEBUG_INFO = YES;
				ONLY_ACTIVE_ARCH = YES;
				SDKROOT = iphoneos;
				SWIFT_ACTIVE_COMPILATION_CONDITIONS = DEBUG;
				SWIFT_OPTIMIZATION_LEVEL = "-Onone";
			};
			name = Debug;
		};
		54124F7B202CE4B200E77E3B /* Release */ = {
			isa = XCBuildConfiguration;
			buildSettings = {
				ALWAYS_SEARCH_USER_PATHS = NO;
				CLANG_ANALYZER_NONNULL = YES;
				CLANG_ANALYZER_NUMBER_OBJECT_CONVERSION = YES_AGGRESSIVE;
				CLANG_CXX_LANGUAGE_STANDARD = "gnu++14";
				CLANG_CXX_LIBRARY = "libc++";
				CLANG_ENABLE_MODULES = YES;
				CLANG_ENABLE_OBJC_ARC = YES;
				CLANG_WARN_BLOCK_CAPTURE_AUTORELEASING = YES;
				CLANG_WARN_BOOL_CONVERSION = YES;
				CLANG_WARN_COMMA = YES;
				CLANG_WARN_CONSTANT_CONVERSION = YES;
				CLANG_WARN_DIRECT_OBJC_ISA_USAGE = YES_ERROR;
				CLANG_WARN_DOCUMENTATION_COMMENTS = YES;
				CLANG_WARN_EMPTY_BODY = YES;
				CLANG_WARN_ENUM_CONVERSION = YES;
				CLANG_WARN_INFINITE_RECURSION = YES;
				CLANG_WARN_INT_CONVERSION = YES;
				CLANG_WARN_NON_LITERAL_NULL_CONVERSION = YES;
				CLANG_WARN_OBJC_LITERAL_CONVERSION = YES;
				CLANG_WARN_OBJC_ROOT_CLASS = YES_ERROR;
				CLANG_WARN_RANGE_LOOP_ANALYSIS = YES;
				CLANG_WARN_STRICT_PROTOTYPES = YES;
				CLANG_WARN_SUSPICIOUS_MOVE = YES;
				CLANG_WARN_UNGUARDED_AVAILABILITY = YES_AGGRESSIVE;
				CLANG_WARN_UNREACHABLE_CODE = YES;
				CLANG_WARN__DUPLICATE_METHOD_MATCH = YES;
				CODE_SIGN_IDENTITY = "iPhone Developer";
				COPY_PHASE_STRIP = NO;
				DEBUG_INFORMATION_FORMAT = "dwarf-with-dsym";
				ENABLE_NS_ASSERTIONS = NO;
				ENABLE_STRICT_OBJC_MSGSEND = YES;
				GCC_C_LANGUAGE_STANDARD = gnu11;
				GCC_NO_COMMON_BLOCKS = YES;
				GCC_WARN_64_TO_32_BIT_CONVERSION = YES;
				GCC_WARN_ABOUT_RETURN_TYPE = YES_ERROR;
				GCC_WARN_UNDECLARED_SELECTOR = YES;
				GCC_WARN_UNINITIALIZED_AUTOS = YES_AGGRESSIVE;
				GCC_WARN_UNUSED_FUNCTION = YES;
				GCC_WARN_UNUSED_VARIABLE = YES;
				IPHONEOS_DEPLOYMENT_TARGET = 11.2;
				MTL_ENABLE_DEBUG_INFO = NO;
				SDKROOT = iphoneos;
				SWIFT_OPTIMIZATION_LEVEL = "-Owholemodule";
				VALIDATE_PRODUCT = YES;
			};
			name = Release;
		};
		54124F7D202CE4B200E77E3B /* Debug */ = {
			isa = XCBuildConfiguration;
			buildSettings = {
				ASSETCATALOG_COMPILER_APPICON_NAME = AppIcon;
				CODE_SIGN_STYLE = Automatic;
				INFOPLIST_FILE = Westeros/Info.plist;
				LD_RUNPATH_SEARCH_PATHS = "$(inherited) @executable_path/Frameworks";
				PRODUCT_BUNDLE_IDENTIFIER = com.jventor.Westeros;
				PRODUCT_NAME = "$(TARGET_NAME)";
				SWIFT_VERSION = 4.0;
				TARGETED_DEVICE_FAMILY = "1,2";
			};
			name = Debug;
		};
		54124F7E202CE4B200E77E3B /* Release */ = {
			isa = XCBuildConfiguration;
			buildSettings = {
				ASSETCATALOG_COMPILER_APPICON_NAME = AppIcon;
				CODE_SIGN_STYLE = Automatic;
				INFOPLIST_FILE = Westeros/Info.plist;
				LD_RUNPATH_SEARCH_PATHS = "$(inherited) @executable_path/Frameworks";
				PRODUCT_BUNDLE_IDENTIFIER = com.jventor.Westeros;
				PRODUCT_NAME = "$(TARGET_NAME)";
				SWIFT_VERSION = 4.0;
				TARGETED_DEVICE_FAMILY = "1,2";
			};
			name = Release;
		};
		54124F80202CE4B200E77E3B /* Debug */ = {
			isa = XCBuildConfiguration;
			buildSettings = {
				ALWAYS_EMBED_SWIFT_STANDARD_LIBRARIES = YES;
				BUNDLE_LOADER = "$(TEST_HOST)";
				CLANG_ENABLE_MODULES = YES;
				CODE_SIGN_STYLE = Automatic;
				INFOPLIST_FILE = WesterosTests/Info.plist;
				LD_RUNPATH_SEARCH_PATHS = "$(inherited) @executable_path/Frameworks @loader_path/Frameworks";
				PRODUCT_BUNDLE_IDENTIFIER = com.jventor.WesterosTests;
				PRODUCT_NAME = "$(TARGET_NAME)";
				SWIFT_OPTIMIZATION_LEVEL = "-Onone";
				SWIFT_VERSION = 4.0;
				TARGETED_DEVICE_FAMILY = "1,2";
				TEST_HOST = "$(BUILT_PRODUCTS_DIR)/Westeros.app/Westeros";
			};
			name = Debug;
		};
		54124F81202CE4B200E77E3B /* Release */ = {
			isa = XCBuildConfiguration;
			buildSettings = {
				ALWAYS_EMBED_SWIFT_STANDARD_LIBRARIES = YES;
				BUNDLE_LOADER = "$(TEST_HOST)";
				CLANG_ENABLE_MODULES = YES;
				CODE_SIGN_STYLE = Automatic;
				INFOPLIST_FILE = WesterosTests/Info.plist;
				LD_RUNPATH_SEARCH_PATHS = "$(inherited) @executable_path/Frameworks @loader_path/Frameworks";
				PRODUCT_BUNDLE_IDENTIFIER = com.jventor.WesterosTests;
				PRODUCT_NAME = "$(TARGET_NAME)";
				SWIFT_VERSION = 4.0;
				TARGETED_DEVICE_FAMILY = "1,2";
				TEST_HOST = "$(BUILT_PRODUCTS_DIR)/Westeros.app/Westeros";
			};
			name = Release;
		};
/* End XCBuildConfiguration section */

/* Begin XCConfigurationList section */
		54124F5A202CE4B200E77E3B /* Build configuration list for PBXProject "Westeros" */ = {
			isa = XCConfigurationList;
			buildConfigurations = (
				54124F7A202CE4B200E77E3B /* Debug */,
				54124F7B202CE4B200E77E3B /* Release */,
			);
			defaultConfigurationIsVisible = 0;
			defaultConfigurationName = Release;
		};
		54124F7C202CE4B200E77E3B /* Build configuration list for PBXNativeTarget "Westeros" */ = {
			isa = XCConfigurationList;
			buildConfigurations = (
				54124F7D202CE4B200E77E3B /* Debug */,
				54124F7E202CE4B200E77E3B /* Release */,
			);
			defaultConfigurationIsVisible = 0;
			defaultConfigurationName = Release;
		};
		54124F7F202CE4B200E77E3B /* Build configuration list for PBXNativeTarget "WesterosTests" */ = {
			isa = XCConfigurationList;
			buildConfigurations = (
				54124F80202CE4B200E77E3B /* Debug */,
				54124F81202CE4B200E77E3B /* Release */,
			);
			defaultConfigurationIsVisible = 0;
			defaultConfigurationName = Release;
		};
/* End XCConfigurationList section */
	};
	rootObject = 54124F57202CE4B200E77E3B /* Project object */;
}
